
Microsoft Visual Studio Solution File, Format Version 12.00
# Visual Studio Version 17
VisualStudioVersion = 17.9.34622.214
MinimumVisualStudioVersion = 10.0.40219.1
Project("{9A19103F-16F7-4668-BE54-9A1E7A4F7556}") = "WebApplication6", "WebApplication6\WebApplication6.csproj", "{EEC8EBAB-C297-4AE4-BC3C-0CEFDC5569DB}"
EndProject
Project("{9A19103F-16F7-4668-BE54-9A1E7A4F7556}") = "Database", "Database\Database.csproj", "{55CD8C77-B348-43C8-AD0B-21F1472DBAAB}"
EndProject
Project("{9A19103F-16F7-4668-BE54-9A1E7A4F7556}") = "WpfApp5", "..\WpfApp5\WpfApp5\WpfApp5.csproj", "{55DD48B9-3739-4D35-B2A8-65F7183AD870}"
EndProject
Global
	GlobalSection(SolutionConfigurationPlatforms) = preSolution
		Debug|Any CPU = Debug|Any CPU
		Release|Any CPU = Release|Any CPU
	EndGlobalSection
	GlobalSection(ProjectConfigurationPlatforms) = postSolution
		{EEC8EBAB-C297-4AE4-BC3C-0CEFDC5569DB}.Debug|Any CPU.ActiveCfg = Debug|Any CPU
		{EEC8EBAB-C297-4AE4-BC3C-0CEFDC5569DB}.Debug|Any CPU.Build.0 = Debug|Any CPU
		{EEC8EBAB-C297-4AE4-BC3C-0CEFDC5569DB}.Release|Any CPU.ActiveCfg = Release|Any CPU
		{EEC8EBAB-C297-4AE4-BC3C-0CEFDC5569DB}.Release|Any CPU.Build.0 = Release|Any CPU
		{55CD8C77-B348-43C8-AD0B-21F1472DBAAB}.Debug|Any CPU.ActiveCfg = Debug|Any CPU
		{55CD8C77-B348-43C8-AD0B-21F1472DBAAB}.Debug|Any CPU.Build.0 = Debug|Any CPU
		{55CD8C77-B348-43C8-AD0B-21F1472DBAAB}.Release|Any CPU.ActiveCfg = Release|Any CPU
		{55CD8C77-B348-43C8-AD0B-21F1472DBAAB}.Release|Any CPU.Build.0 = Release|Any CPU
		{55DD48B9-3739-4D35-B2A8-65F7183AD870}.Debug|Any CPU.ActiveCfg = Debug|Any CPU
		{55DD48B9-3739-4D35-B2A8-65F7183AD870}.Debug|Any CPU.Build.0 = Debug|Any CPU
		{55DD48B9-3739-4D35-B2A8-65F7183AD870}.Release|Any CPU.ActiveCfg = Release|Any CPU
		{55DD48B9-3739-4D35-B2A8-65F7183AD870}.Release|Any CPU.Build.0 = Release|Any CPU
	EndGlobalSection
	GlobalSection(SolutionProperties) = preSolution
		HideSolutionNode = FALSE
	EndGlobalSection
	GlobalSection(ExtensibilityGlobals) = postSolution
		SolutionGuid = {152071D3-41BB-4DAE-80F3-6FED861D15B7}
	EndGlobalSection
EndGlobal
